
Microsoft Visual Studio Solution File, Format Version 12.00
# Visual Studio Version 16
VisualStudioVersion = 16.0.30406.217
MinimumVisualStudioVersion = 10.0.40219.1
Project("{FAE04EC0-301F-11D3-BF4B-00C04F79EFBC}") = "AplikasiinputDataMahasiswa", "AplikasiinputDataMahasiswa\AplikasiinputDataMahasiswa.csproj", "{F728E735-7D97-459C-BCAA-C2E0A4A3288F}"
EndProject
Global
	GlobalSection(SolutionConfigurationPlatforms) = preSolution
		Debug|Any CPU = Debug|Any CPU
		Release|Any CPU = Release|Any CPU
	EndGlobalSection
	GlobalSection(ProjectConfigurationPlatforms) = postSolution
		{F728E735-7D97-459C-BCAA-C2E0A4A3288F}.Debug|Any CPU.ActiveCfg = Debug|Any CPU
		{F728E735-7D97-459C-BCAA-C2E0A4A3288F}.Debug|Any CPU.Build.0 = Debug|Any CPU
		{F728E735-7D97-459C-BCAA-C2E0A4A3288F}.Release|Any CPU.ActiveCfg = Release|Any CPU
		{F728E735-7D97-459C-BCAA-C2E0A4A3288F}.Release|Any CPU.Build.0 = Release|Any CPU
	EndGlobalSection
	GlobalSection(SolutionProperties) = preSolution
		HideSolutionNode = FALSE
	EndGlobalSection
	GlobalSection(ExtensibilityGlobals) = postSolution
		SolutionGuid = {B626BC1E-022D-47D0-A7D9-C6110E471F6E}
	EndGlobalSection
EndGlobal
